
Microsoft Visual Studio Solution File, Format Version 12.00
# Visual Studio Version 16
VisualStudioVersion = 16.0.31112.23
MinimumVisualStudioVersion = 10.0.40219.1
Project("{2150E333-8FDC-42A3-9474-1A3956D46DE8}") = "Domain", "Domain", "{76554010-5E7F-4809-961E-86AB955BF8B3}"
EndProject
Project("{9A19103F-16F7-4668-BE54-9A1E7A4F7556}") = "Domain", "Domain\Domain.csproj", "{DE9DAAF6-6AE1-4D26-A057-8D100102D31C}"
EndProject
Project("{2150E333-8FDC-42A3-9474-1A3956D46DE8}") = "Infra", "Infra", "{4A868151-69D9-47BA-865C-67E1120165D1}"
EndProject
Project("{2150E333-8FDC-42A3-9474-1A3956D46DE8}") = "Data", "Data", "{F14D47AD-ADBC-49D5-B9F9-C8A11E06F4A4}"
EndProject
Project("{2150E333-8FDC-42A3-9474-1A3956D46DE8}") = "CrossCurtting", "CrossCurtting", "{30E2BFD9-92C4-497E-A4BA-3097F6D78489}"
EndProject
Project("{9A19103F-16F7-4668-BE54-9A1E7A4F7556}") = "CrossCurtting", "CrossCurtting\CrossCurtting.csproj", "{2D419367-08BE-45EC-A7FB-DB069DD7F633}"
EndProject
Project("{9A19103F-16F7-4668-BE54-9A1E7A4F7556}") = "Data", "Data\Data.csproj", "{199848C6-5873-4BCB-8052-29BC3ABA2173}"
EndProject
Project("{2150E333-8FDC-42A3-9474-1A3956D46DE8}") = "Service", "Service", "{EB4CEB93-7611-4700-A96D-A5216DE00DE5}"
EndProject
Project("{FAE04EC0-301F-11D3-BF4B-00C04F79EFBC}") = "Service", "Service\Service.csproj", "{2EC5A6B1-5A55-40BA-80F0-B8D191DA6F34}"
EndProject
Global
	GlobalSection(SolutionConfigurationPlatforms) = preSolution
		Debug|Any CPU = Debug|Any CPU
		Release|Any CPU = Release|Any CPU
	EndGlobalSection
	GlobalSection(ProjectConfigurationPlatforms) = postSolution
		{DE9DAAF6-6AE1-4D26-A057-8D100102D31C}.Debug|Any CPU.ActiveCfg = Debug|Any CPU
		{DE9DAAF6-6AE1-4D26-A057-8D100102D31C}.Debug|Any CPU.Build.0 = Debug|Any CPU
		{DE9DAAF6-6AE1-4D26-A057-8D100102D31C}.Release|Any CPU.ActiveCfg = Release|Any CPU
		{DE9DAAF6-6AE1-4D26-A057-8D100102D31C}.Release|Any CPU.Build.0 = Release|Any CPU
		{2D419367-08BE-45EC-A7FB-DB069DD7F633}.Debug|Any CPU.ActiveCfg = Debug|Any CPU
		{2D419367-08BE-45EC-A7FB-DB069DD7F633}.Debug|Any CPU.Build.0 = Debug|Any CPU
		{2D419367-08BE-45EC-A7FB-DB069DD7F633}.Release|Any CPU.ActiveCfg = Release|Any CPU
		{2D419367-08BE-45EC-A7FB-DB069DD7F633}.Release|Any CPU.Build.0 = Release|Any CPU
		{199848C6-5873-4BCB-8052-29BC3ABA2173}.Debug|Any CPU.ActiveCfg = Debug|Any CPU
		{199848C6-5873-4BCB-8052-29BC3ABA2173}.Debug|Any CPU.Build.0 = Debug|Any CPU
		{199848C6-5873-4BCB-8052-29BC3ABA2173}.Release|Any CPU.ActiveCfg = Release|Any CPU
		{199848C6-5873-4BCB-8052-29BC3ABA2173}.Release|Any CPU.Build.0 = Release|Any CPU
		{2EC5A6B1-5A55-40BA-80F0-B8D191DA6F34}.Debug|Any CPU.ActiveCfg = Debug|Any CPU
		{2EC5A6B1-5A55-40BA-80F0-B8D191DA6F34}.Debug|Any CPU.Build.0 = Debug|Any CPU
		{2EC5A6B1-5A55-40BA-80F0-B8D191DA6F34}.Release|Any CPU.ActiveCfg = Release|Any CPU
		{2EC5A6B1-5A55-40BA-80F0-B8D191DA6F34}.Release|Any CPU.Build.0 = Release|Any CPU
	EndGlobalSection
	GlobalSection(SolutionProperties) = preSolution
		HideSolutionNode = FALSE
	EndGlobalSection
	GlobalSection(NestedProjects) = preSolution
		{DE9DAAF6-6AE1-4D26-A057-8D100102D31C} = {76554010-5E7F-4809-961E-86AB955BF8B3}
		{F14D47AD-ADBC-49D5-B9F9-C8A11E06F4A4} = {4A868151-69D9-47BA-865C-67E1120165D1}
		{30E2BFD9-92C4-497E-A4BA-3097F6D78489} = {4A868151-69D9-47BA-865C-67E1120165D1}
		{2D419367-08BE-45EC-A7FB-DB069DD7F633} = {30E2BFD9-92C4-497E-A4BA-3097F6D78489}
		{199848C6-5873-4BCB-8052-29BC3ABA2173} = {F14D47AD-ADBC-49D5-B9F9-C8A11E06F4A4}
		{2EC5A6B1-5A55-40BA-80F0-B8D191DA6F34} = {EB4CEB93-7611-4700-A96D-A5216DE00DE5}
	EndGlobalSection
	GlobalSection(ExtensibilityGlobals) = postSolution
		SolutionGuid = {F21B191A-D8A7-4BD4-8621-EE89E588471D}
	EndGlobalSection
EndGlobal
